
Microsoft Visual Studio Solution File, Format Version 12.00
# Visual Studio Version 16
VisualStudioVersion = 16.0.29418.71
MinimumVisualStudioVersion = 10.0.40219.1
Project("{9A19103F-16F7-4668-BE54-9A1E7A4F7556}") = "WebEdgeClassification", "WebEdgeClassification\WebEdgeClassification.csproj", "{AFBF1E9B-9949-4DFC-8D5E-9EF8D5347AC1}"
EndProject
Project("{FAE04EC0-301F-11D3-BF4B-00C04F79EFBC}") = "DAQuest4LoopsPlugin", "..\DASolution4BGReklam\DAQuest4Loops\DAQuest4LoopsPlugin\DAQuest4LoopsPlugin.csproj", "{F13B59FA-0FB4-4551-8C36-68D1F89F9839}"
EndProject
Global
	GlobalSection(SolutionConfigurationPlatforms) = preSolution
		Debug|Any CPU = Debug|Any CPU
		Debug|x64 = Debug|x64
		Release|Any CPU = Release|Any CPU
		Release|x64 = Release|x64
	EndGlobalSection
	GlobalSection(ProjectConfigurationPlatforms) = postSolution
		{AFBF1E9B-9949-4DFC-8D5E-9EF8D5347AC1}.Debug|Any CPU.ActiveCfg = Debug|Any CPU
		{AFBF1E9B-9949-4DFC-8D5E-9EF8D5347AC1}.Debug|Any CPU.Build.0 = Debug|Any CPU
		{AFBF1E9B-9949-4DFC-8D5E-9EF8D5347AC1}.Debug|x64.ActiveCfg = Debug|Any CPU
		{AFBF1E9B-9949-4DFC-8D5E-9EF8D5347AC1}.Debug|x64.Build.0 = Debug|Any CPU
		{AFBF1E9B-9949-4DFC-8D5E-9EF8D5347AC1}.Release|Any CPU.ActiveCfg = Release|Any CPU
		{AFBF1E9B-9949-4DFC-8D5E-9EF8D5347AC1}.Release|Any CPU.Build.0 = Release|Any CPU
		{AFBF1E9B-9949-4DFC-8D5E-9EF8D5347AC1}.Release|x64.ActiveCfg = Release|Any CPU
		{AFBF1E9B-9949-4DFC-8D5E-9EF8D5347AC1}.Release|x64.Build.0 = Release|Any CPU
		{F13B59FA-0FB4-4551-8C36-68D1F89F9839}.Debug|Any CPU.ActiveCfg = Debug|Any CPU
		{F13B59FA-0FB4-4551-8C36-68D1F89F9839}.Debug|Any CPU.Build.0 = Debug|Any CPU
		{F13B59FA-0FB4-4551-8C36-68D1F89F9839}.Debug|x64.ActiveCfg = Debug|Any CPU
		{F13B59FA-0FB4-4551-8C36-68D1F89F9839}.Debug|x64.Build.0 = Debug|Any CPU
		{F13B59FA-0FB4-4551-8C36-68D1F89F9839}.Release|Any CPU.ActiveCfg = Release|Any CPU
		{F13B59FA-0FB4-4551-8C36-68D1F89F9839}.Release|Any CPU.Build.0 = Release|Any CPU
		{F13B59FA-0FB4-4551-8C36-68D1F89F9839}.Release|x64.ActiveCfg = Release|Any CPU
		{F13B59FA-0FB4-4551-8C36-68D1F89F9839}.Release|x64.Build.0 = Release|Any CPU
	EndGlobalSection
	GlobalSection(SolutionProperties) = preSolution
		HideSolutionNode = FALSE
	EndGlobalSection
	GlobalSection(ExtensibilityGlobals) = postSolution
		SolutionGuid = {05F5CC9C-321D-41C1-9E7A-F799CF2B1EED}
	EndGlobalSection
EndGlobal
